{
  "object": {
    "pins": [
      {
        "package": "NFCReader",
        "repositoryURL": "https://github.com/tattn/NFCReader",
        "state": {
          "branch": null,
          "revision": "d831634cb6e03b07cf5e6fda9fc90cce54e100aa",
          "version": "1.0.3"
        }
      }
    ]
  },
  "version": 1
}
