// !$*UTF8*$!
{
	archiveVersion = 1;
	classes = {
	};
	objectVersion = 50;
	objects = {

/* Begin PBXBuildFile section */
		06218E5425CE9D7100EEFA5E /* NFCReader.framework in Frameworks */ = {isa = PBXBuildFile; fileRef = 06218E4C25CE9D5C00EEFA5E /* NFCReader.framework */; };
		2469BF6C22FFB5D400362AAB /* AppDelegate.swift in Sources */ = {isa = PBXBuildFile; fileRef = 2469BF6B22FFB5D400362AAB /* AppDelegate.swift */; };
		2469BF6E22FFB5D400362AAB /* SceneDelegate.swift in Sources */ = {isa = PBXBuildFile; fileRef = 2469BF6D22FFB5D400362AAB /* SceneDelegate.swift */; };
		2469BF7022FFB5D400362AAB /* ContentView.swift in Sources */ = {isa = PBXBuildFile; fileRef = 2469BF6F22FFB5D400362AAB /* ContentView.swift */; };
		2469BF7222FFB5D700362AAB /* Assets.xcassets in Resources */ = {isa = PBXBuildFile; fileRef = 2469BF7122FFB5D700362AAB /* Assets.xcassets */; };
		2469BF7522FFB5D700362AAB /* Preview Assets.xcassets in Resources */ = {isa = PBXBuildFile; fileRef = 2469BF7422FFB5D700362AAB /* Preview Assets.xcassets */; };
		2469BF7822FFB5D700362AAB /* LaunchScreen.storyboard in Resources */ = {isa = PBXBuildFile; fileRef = 2469BF7622FFB5D700362AAB /* LaunchScreen.storyboard */; };
		24CA2B212309A70000D28E37 /* Debug+CustomStringConvertible.swift in Sources */ = {isa = PBXBuildFile; fileRef = 24CA2B202309A70000D28E37 /* Debug+CustomStringConvertible.swift */; };
/* End PBXBuildFile section */

/* Begin PBXContainerItemProxy section */
		06218E4B25CE9D5C00EEFA5E /* PBXContainerItemProxy */ = {
			isa = PBXContainerItemProxy;
			containerPortal = 06218E4425CE9D5C00EEFA5E /* NFCReader.xcodeproj */;
			proxyType = 2;
			remoteGlobalIDString = "NFCReader::NFCReader::Product";
			remoteInfo = NFCReader;
		};
		06218E4D25CE9D5C00EEFA5E /* PBXContainerItemProxy */ = {
			isa = PBXContainerItemProxy;
			containerPortal = 06218E4425CE9D5C00EEFA5E /* NFCReader.xcodeproj */;
			proxyType = 2;
			remoteGlobalIDString = "NFCReader::NFCReaderTests::Product";
			remoteInfo = NFCReaderTests;
		};
		06218E5525CE9D7C00EEFA5E /* PBXContainerItemProxy */ = {
			isa = PBXContainerItemProxy;
			containerPortal = 06218E4425CE9D5C00EEFA5E /* NFCReader.xcodeproj */;
			proxyType = 1;
			remoteGlobalIDString = "NFCReader::NFCReader";
			remoteInfo = NFCReader;
		};
/* End PBXContainerItemProxy section */

/* Begin PBXFileReference section */
		06218E4425CE9D5C00EEFA5E /* NFCReader.xcodeproj */ = {isa = PBXFileReference; lastKnownFileType = "wrapper.pb-project"; name = NFCReader.xcodeproj; path = ../../NFCReader.xcodeproj; sourceTree = "<group>"; };
		2469BF6822FFB5D400362AAB /* FeliCaExample.app */ = {isa = PBXFileReference; explicitFileType = wrapper.application; includeInIndex = 0; path = FeliCaExample.app; sourceTree = BUILT_PRODUCTS_DIR; };
		2469BF6B22FFB5D400362AAB /* AppDelegate.swift */ = {isa = PBXFileReference; lastKnownFileType = sourcecode.swift; path = AppDelegate.swift; sourceTree = "<group>"; };
		2469BF6D22FFB5D400362AAB /* SceneDelegate.swift */ = {isa = PBXFileReference; lastKnownFileType = sourcecode.swift; path = SceneDelegate.swift; sourceTree = "<group>"; };
		2469BF6F22FFB5D400362AAB /* ContentView.swift */ = {isa = PBXFileReference; lastKnownFileType = sourcecode.swift; path = ContentView.swift; sourceTree = "<group>"; };
		2469BF7122FFB5D700362AAB /* Assets.xcassets */ = {isa = PBXFileReference; lastKnownFileType = folder.assetcatalog; path = Assets.xcassets; sourceTree = "<group>"; };
		2469BF7422FFB5D700362AAB /* Preview Assets.xcassets */ = {isa = PBXFileReference; lastKnownFileType = folder.assetcatalog; path = "Preview Assets.xcassets"; sourceTree = "<group>"; };
		2469BF7722FFB5D700362AAB /* Base */ = {isa = PBXFileReference; lastKnownFileType = file.storyboard; name = Base; path = Base.lproj/LaunchScreen.storyboard; sourceTree = "<group>"; };
		2469BF7922FFB5D700362AAB /* Info.plist */ = {isa = PBXFileReference; lastKnownFileType = text.plist.xml; path = Info.plist; sourceTree = "<group>"; };
		2469BF82230004A700362AAB /* FeliCaExample.entitlements */ = {isa = PBXFileReference; lastKnownFileType = text.plist.entitlements; path = FeliCaExample.entitlements; sourceTree = "<group>"; };
		24CA2B1A2309A14F00D28E37 /* NFCReader.framework */ = {isa = PBXFileReference; lastKnownFileType = wrapper.framework; path = NFCReader.framework; sourceTree = BUILT_PRODUCTS_DIR; };
		24CA2B202309A70000D28E37 /* Debug+CustomStringConvertible.swift */ = {isa = PBXFileReference; lastKnownFileType = sourcecode.swift; path = "Debug+CustomStringConvertible.swift"; sourceTree = "<group>"; };
/* End PBXFileReference section */

/* Begin PBXFrameworksBuildPhase section */
		2469BF6522FFB5D400362AAB /* Frameworks */ = {
			isa = PBXFrameworksBuildPhase;
			buildActionMask = 2147483647;
			files = (
				06218E5425CE9D7100EEFA5E /* NFCReader.framework in Frameworks */,
			);
			runOnlyForDeploymentPostprocessing = 0;
		};
/* End PBXFrameworksBuildPhase section */

/* Begin PBXGroup section */
		06218E4525CE9D5C00EEFA5E /* Products */ = {
			isa = PBXGroup;
			children = (
				06218E4C25CE9D5C00EEFA5E /* NFCReader.framework */,
				06218E4E25CE9D5C00EEFA5E /* NFCReaderTests.xctest */,
			);
			name = Products;
			sourceTree = "<group>";
		};
		2469BF5F22FFB5D400362AAB = {
			isa = PBXGroup;
			children = (
				06218E4425CE9D5C00EEFA5E /* NFCReader.xcodeproj */,
				2469BF6A22FFB5D400362AAB /* FeliCaExample */,
				2469BF6922FFB5D400362AAB /* Products */,
				24E2F540230819C900D18E05 /* Frameworks */,
			);
			sourceTree = "<group>";
		};
		2469BF6922FFB5D400362AAB /* Products */ = {
			isa = PBXGroup;
			children = (
				2469BF6822FFB5D400362AAB /* FeliCaExample.app */,
			);
			name = Products;
			sourceTree = "<group>";
		};
		2469BF6A22FFB5D400362AAB /* FeliCaExample */ = {
			isa = PBXGroup;
			children = (
				2469BF82230004A700362AAB /* FeliCaExample.entitlements */,
				2469BF6B22FFB5D400362AAB /* AppDelegate.swift */,
				2469BF6D22FFB5D400362AAB /* SceneDelegate.swift */,
				2469BF6F22FFB5D400362AAB /* ContentView.swift */,
				2469BF7122FFB5D700362AAB /* Assets.xcassets */,
				2469BF7622FFB5D700362AAB /* LaunchScreen.storyboard */,
				2469BF7922FFB5D700362AAB /* Info.plist */,
				2469BF7322FFB5D700362AAB /* Preview Content */,
				24CA2B202309A70000D28E37 /* Debug+CustomStringConvertible.swift */,
			);
			path = FeliCaExample;
			sourceTree = "<group>";
		};
		2469BF7322FFB5D700362AAB /* Preview Content */ = {
			isa = PBXGroup;
			children = (
				2469BF7422FFB5D700362AAB /* Preview Assets.xcassets */,
			);
			path = "Preview Content";
			sourceTree = "<group>";
		};
		24E2F540230819C900D18E05 /* Frameworks */ = {
			isa = PBXGroup;
			children = (
				24CA2B1A2309A14F00D28E37 /* NFCReader.framework */,
			);
			name = Frameworks;
			sourceTree = "<group>";
		};
/* End PBXGroup section */

/* Begin PBXNativeTarget section */
		2469BF6722FFB5D400362AAB /* FeliCaExample */ = {
			isa = PBXNativeTarget;
			buildConfigurationList = 2469BF7C22FFB5D700362AAB /* Build configuration list for PBXNativeTarget "FeliCaExample" */;
			buildPhases = (
				2469BF6422FFB5D400362AAB /* Sources */,
				2469BF6522FFB5D400362AAB /* Frameworks */,
				2469BF6622FFB5D400362AAB /* Resources */,
			);
			buildRules = (
			);
			dependencies = (
				06218E5625CE9D7C00EEFA5E /* PBXTargetDependency */,
			);
			name = FeliCaExample;
			packageProductDependencies = (
			);
			productName = SuicaExample;
			productReference = 2469BF6822FFB5D400362AAB /* FeliCaExample.app */;
			productType = "com.apple.product-type.application";
		};
/* End PBXNativeTarget section */

/* Begin PBXProject section */
		2469BF6022FFB5D400362AAB /* Project object */ = {
			isa = PBXProject;
			attributes = {
				LastSwiftUpdateCheck = 1100;
				LastUpgradeCheck = 1240;
				ORGANIZATIONNAME = "Tatsuya Tanaka";
				TargetAttributes = {
					2469BF6722FFB5D400362AAB = {
						CreatedOnToolsVersion = 11.0;
					};
				};
			};
			buildConfigurationList = 2469BF6322FFB5D400362AAB /* Build configuration list for PBXProject "FeliCaExample" */;
			compatibilityVersion = "Xcode 9.3";
			developmentRegion = en;
			hasScannedForEncodings = 0;
			knownRegions = (
				en,
				Base,
			);
			mainGroup = 2469BF5F22FFB5D400362AAB;
			packageReferences = (
			);
			productRefGroup = 2469BF6922FFB5D400362AAB /* Products */;
			projectDirPath = "";
			projectReferences = (
				{
					ProductGroup = 06218E4525CE9D5C00EEFA5E /* Products */;
					ProjectRef = 06218E4425CE9D5C00EEFA5E /* NFCReader.xcodeproj */;
				},
			);
			projectRoot = "";
			targets = (
				2469BF6722FFB5D400362AAB /* FeliCaExample */,
			);
		};
/* End PBXProject section */

/* Begin PBXReferenceProxy section */
		06218E4C25CE9D5C00EEFA5E /* NFCReader.framework */ = {
			isa = PBXReferenceProxy;
			fileType = wrapper.framework;
			path = NFCReader.framework;
			remoteRef = 06218E4B25CE9D5C00EEFA5E /* PBXContainerItemProxy */;
			sourceTree = BUILT_PRODUCTS_DIR;
		};
		06218E4E25CE9D5C00EEFA5E /* NFCReaderTests.xctest */ = {
			isa = PBXReferenceProxy;
			fileType = file;
			path = NFCReaderTests.xctest;
			remoteRef = 06218E4D25CE9D5C00EEFA5E /* PBXContainerItemProxy */;
			sourceTree = BUILT_PRODUCTS_DIR;
		};
/* End PBXReferenceProxy section */

/* Begin PBXResourcesBuildPhase section */
		2469BF6622FFB5D400362AAB /* Resources */ = {
			isa = PBXResourcesBuildPhase;
			buildActionMask = 2147483647;
			files = (
				2469BF7822FFB5D700362AAB /* LaunchScreen.storyboard in Resources */,
				2469BF7522FFB5D700362AAB /* Preview Assets.xcassets in Resources */,
				2469BF7222FFB5D700362AAB /* Assets.xcassets in Resources */,
			);
			runOnlyForDeploymentPostprocessing = 0;
		};
/* End PBXResourcesBuildPhase section */

/* Begin PBXSourcesBuildPhase section */
		2469BF6422FFB5D400362AAB /* Sources */ = {
			isa = PBXSourcesBuildPhase;
			buildActionMask = 2147483647;
			files = (
				2469BF6C22FFB5D400362AAB /* AppDelegate.swift in Sources */,
				2469BF6E22FFB5D400362AAB /* SceneDelegate.swift in Sources */,
				2469BF7022FFB5D400362AAB /* ContentView.swift in Sources */,
				24CA2B212309A70000D28E37 /* Debug+CustomStringConvertible.swift in Sources */,
			);
			runOnlyForDeploymentPostprocessing = 0;
		};
/* End PBXSourcesBuildPhase section */

/* Begin PBXTargetDependency section */
		06218E5625CE9D7C00EEFA5E /* PBXTargetDependency */ = {
			isa = PBXTargetDependency;
			name = NFCReader;
			targetProxy = 06218E5525CE9D7C00EEFA5E /* PBXContainerItemProxy */;
		};
/* End PBXTargetDependency section */

/* Begin PBXVariantGroup section */
		2469BF7622FFB5D700362AAB /* LaunchScreen.storyboard */ = {
			isa = PBXVariantGroup;
			children = (
				2469BF7722FFB5D700362AAB /* Base */,
			);
			name = LaunchScreen.storyboard;
			sourceTree = "<group>";
		};
/* End PBXVariantGroup section */

/* Begin XCBuildConfiguration section */
		2469BF7A22FFB5D700362AAB /* Debug */ = {
			isa = XCBuildConfiguration;
			buildSettings = {
				ALWAYS_SEARCH_USER_PATHS = NO;
				CLANG_ANALYZER_NONNULL = YES;
				CLANG_ANALYZER_NUMBER_OBJECT_CONVERSION = YES_AGGRESSIVE;
				CLANG_CXX_LANGUAGE_STANDARD = "gnu++14";
				CLANG_CXX_LIBRARY = "libc++";
				CLANG_ENABLE_MODULES = YES;
				CLANG_ENABLE_OBJC_ARC = YES;
				CLANG_ENABLE_OBJC_WEAK = YES;
				CLANG_WARN_BLOCK_CAPTURE_AUTORELEASING = YES;
				CLANG_WARN_BOOL_CONVERSION = YES;
				CLANG_WARN_COMMA = YES;
				CLANG_WARN_CONSTANT_CONVERSION = YES;
				CLANG_WARN_DEPRECATED_OBJC_IMPLEMENTATIONS = YES;
				CLANG_WARN_DIRECT_OBJC_ISA_USAGE = YES_ERROR;
				CLANG_WARN_DOCUMENTATION_COMMENTS = YES;
				CLANG_WARN_EMPTY_BODY = YES;
				CLANG_WARN_ENUM_CONVERSION = YES;
				CLANG_WARN_INFINITE_RECURSION = YES;
				CLANG_WARN_INT_CONVERSION = YES;
				CLANG_WARN_NON_LITERAL_NULL_CONVERSION = YES;
				CLANG_WARN_OBJC_IMPLICIT_RETAIN_SELF = YES;
				CLANG_WARN_OBJC_LITERAL_CONVERSION = YES;
				CLANG_WARN_OBJC_ROOT_CLASS = YES_ERROR;
				CLANG_WARN_QUOTED_INCLUDE_IN_FRAMEWORK_HEADER = YES;
				CLANG_WARN_RANGE_LOOP_ANALYSIS = YES;
				CLANG_WARN_STRICT_PROTOTYPES = YES;
				CLANG_WARN_SUSPICIOUS_MOVE = YES;
				CLANG_WARN_UNGUARDED_AVAILABILITY = YES_AGGRESSIVE;
				CLANG_WARN_UNREACHABLE_CODE = YES;
				CLANG_WARN__DUPLICATE_METHOD_MATCH = YES;
				COPY_PHASE_STRIP = NO;
				DEBUG_INFORMATION_FORMAT = dwarf;
				ENABLE_STRICT_OBJC_MSGSEND = YES;
				ENABLE_TESTABILITY = YES;
				GCC_C_LANGUAGE_STANDARD = gnu11;
				GCC_DYNAMIC_NO_PIC = NO;
				GCC_NO_COMMON_BLOCKS = YES;
				GCC_OPTIMIZATION_LEVEL = 0;
				GCC_PREPROCESSOR_DEFINITIONS = (
					"DEBUG=1",
					"$(inherited)",
				);
				GCC_WARN_64_TO_32_BIT_CONVERSION = YES;
				GCC_WARN_ABOUT_RETURN_TYPE = YES_ERROR;
				GCC_WARN_UNDECLARED_SELECTOR = YES;
				GCC_WARN_UNINITIALIZED_AUTOS = YES_AGGRESSIVE;
				GCC_WARN_UNUSED_FUNCTION = YES;
				GCC_WARN_UNUSED_VARIABLE = YES;
				IPHONEOS_DEPLOYMENT_TARGET = 13.0;
				MTL_ENABLE_DEBUG_INFO = INCLUDE_SOURCE;
				MTL_FAST_MATH = YES;
				ONLY_ACTIVE_ARCH = YES;
				SDKROOT = iphoneos;
				SWIFT_ACTIVE_COMPILATION_CONDITIONS = DEBUG;
				SWIFT_OPTIMIZATION_LEVEL = "-Onone";
			};
			name = Debug;
		};
		2469BF7B22FFB5D700362AAB /* Release */ = {
			isa = XCBuildConfiguration;
			buildSettings = {
				ALWAYS_SEARCH_USER_PATHS = NO;
				CLANG_ANALYZER_NONNULL = YES;
				CLANG_ANALYZER_NUMBER_OBJECT_CONVERSION = YES_AGGRESSIVE;
				CLANG_CXX_LANGUAGE_STANDARD = "gnu++14";
				CLANG_CXX_LIBRARY = "libc++";
				CLANG_ENABLE_MODULES = YES;
				CLANG_ENABLE_OBJC_ARC = YES;
				CLANG_ENABLE_OBJC_WEAK = YES;
				CLANG_WARN_BLOCK_CAPTURE_AUTORELEASING = YES;
				CLANG_WARN_BOOL_CONVERSION = YES;
				CLANG_WARN_COMMA = YES;
				CLANG_WARN_CONSTANT_CONVERSION = YES;
				CLANG_WARN_DEPRECATED_OBJC_IMPLEMENTATIONS = YES;
				CLANG_WARN_DIRECT_OBJC_ISA_USAGE = YES_ERROR;
				CLANG_WARN_DOCUMENTATION_COMMENTS = YES;
				CLANG_WARN_EMPTY_BODY = YES;
				CLANG_WARN_ENUM_CONVERSION = YES;
				CLANG_WARN_INFINITE_RECURSION = YES;
				CLANG_WARN_INT_CONVERSION = YES;
				CLANG_WARN_NON_LITERAL_NULL_CONVERSION = YES;
				CLANG_WARN_OBJC_IMPLICIT_RETAIN_SELF = YES;
				CLANG_WARN_OBJC_LITERAL_CONVERSION = YES;
				CLANG_WARN_OBJC_ROOT_CLASS = YES_ERROR;
				CLANG_WARN_QUOTED_INCLUDE_IN_FRAMEWORK_HEADER = YES;
				CLANG_WARN_RANGE_LOOP_ANALYSIS = YES;
				CLANG_WARN_STRICT_PROTOTYPES = YES;
				CLANG_WARN_SUSPICIOUS_MOVE = YES;
				CLANG_WARN_UNGUARDED_AVAILABILITY = YES_AGGRESSIVE;
				CLANG_WARN_UNREACHABLE_CODE = YES;
				CLANG_WARN__DUPLICATE_METHOD_MATCH = YES;
				COPY_PHASE_STRIP = NO;
				DEBUG_INFORMATION_FORMAT = "dwarf-with-dsym";
				ENABLE_NS_ASSERTIONS = NO;
				ENABLE_STRICT_OBJC_MSGSEND = YES;
				GCC_C_LANGUAGE_STANDARD = gnu11;
				GCC_NO_COMMON_BLOCKS = YES;
				GCC_WARN_64_TO_32_BIT_CONVERSION = YES;
				GCC_WARN_ABOUT_RETURN_TYPE = YES_ERROR;
				GCC_WARN_UNDECLARED_SELECTOR = YES;
				GCC_WARN_UNINITIALIZED_AUTOS = YES_AGGRESSIVE;
				GCC_WARN_UNUSED_FUNCTION = YES;
				GCC_WARN_UNUSED_VARIABLE = YES;
				IPHONEOS_DEPLOYMENT_TARGET = 13.0;
				MTL_ENABLE_DEBUG_INFO = NO;
				MTL_FAST_MATH = YES;
				SDKROOT = iphoneos;
				SWIFT_COMPILATION_MODE = wholemodule;
				SWIFT_OPTIMIZATION_LEVEL = "-O";
				VALIDATE_PRODUCT = YES;
			};
			name = Release;
		};
		2469BF7D22FFB5D700362AAB /* Debug */ = {
			isa = XCBuildConfiguration;
			buildSettings = {
				ASSETCATALOG_COMPILER_APPICON_NAME = AppIcon;
				CODE_SIGN_ENTITLEMENTS = FeliCaExample/FeliCaExample.entitlements;
				CODE_SIGN_STYLE = Automatic;
				DEVELOPMENT_ASSET_PATHS = "FeliCaExample/Preview\\ Content";
				DEVELOPMENT_TEAM = 4F37PG84XD;
				ENABLE_PREVIEWS = YES;
				INFOPLIST_FILE = FeliCaExample/Info.plist;
				LD_RUNPATH_SEARCH_PATHS = (
					"$(inherited)",
					"@executable_path/Frameworks",
				);
				PRODUCT_BUNDLE_IDENTIFIER = com.github.tattn.FeliCaExample;
				PRODUCT_NAME = "$(TARGET_NAME)";
				SWIFT_VERSION = 5.0;
				TARGETED_DEVICE_FAMILY = "1,2";
			};
			name = Debug;
		};
		2469BF7E22FFB5D700362AAB /* Release */ = {
			isa = XCBuildConfiguration;
			buildSettings = {
				ASSETCATALOG_COMPILER_APPICON_NAME = AppIcon;
				CODE_SIGN_ENTITLEMENTS = FeliCaExample/FeliCaExample.entitlements;
				CODE_SIGN_STYLE = Automatic;
				DEVELOPMENT_ASSET_PATHS = "FeliCaExample/Preview\\ Content";
				DEVELOPMENT_TEAM = 4F37PG84XD;
				ENABLE_PREVIEWS = YES;
				INFOPLIST_FILE = FeliCaExample/Info.plist;
				LD_RUNPATH_SEARCH_PATHS = (
					"$(inherited)",
					"@executable_path/Frameworks",
				);
				PRODUCT_BUNDLE_IDENTIFIER = com.github.tattn.FeliCaExample;
				PRODUCT_NAME = "$(TARGET_NAME)";
				SWIFT_VERSION = 5.0;
				TARGETED_DEVICE_FAMILY = "1,2";
			};
			name = Release;
		};
/* End XCBuildConfiguration section */

/* Begin XCConfigurationList section */
		2469BF6322FFB5D400362AAB /* Build configuration list for PBXProject "FeliCaExample" */ = {
			isa = XCConfigurationList;
			buildConfigurations = (
				2469BF7A22FFB5D700362AAB /* Debug */,
				2469BF7B22FFB5D700362AAB /* Release */,
			);
			defaultConfigurationIsVisible = 0;
			defaultConfigurationName = Release;
		};
		2469BF7C22FFB5D700362AAB /* Build configuration list for PBXNativeTarget "FeliCaExample" */ = {
			isa = XCConfigurationList;
			buildConfigurations = (
				2469BF7D22FFB5D700362AAB /* Debug */,
				2469BF7E22FFB5D700362AAB /* Release */,
			);
			defaultConfigurationIsVisible = 0;
			defaultConfigurationName = Release;
		};
/* End XCConfigurationList section */
	};
	rootObject = 2469BF6022FFB5D400362AAB /* Project object */;
}
